Microsoft Visual Studio Solution File, Format Version 12.00
# Visual Studio 2012
Project("{FAE04EC0-301F-11D3-BF4B-00C04F79EFBC}") = "C# Experiment", "C# Experiment.csproj", "{22EF16CC-BD52-4980-AD3B-63044CE93923}"
EndProject
Project("{F2A71F9B-5D33-465A-A702-920D77279786}") = "GodotFs", "GodotFs\GodotFs.fsproj", "{21BBE7ED-6AC3-48F5-A196-B8E0E0E216AD}"
EndProject
Global
	GlobalSection(SolutionConfigurationPlatforms) = preSolution
		Debug|Any CPU = Debug|Any CPU
		Release|Any CPU = Release|Any CPU
		Tools|Any CPU = Tools|Any CPU
	EndGlobalSection
	GlobalSection(ProjectConfigurationPlatforms) = postSolution
		{22EF16CC-BD52-4980-AD3B-63044CE93923}.Debug|Any CPU.ActiveCfg = Debug|Any CPU
		{22EF16CC-BD52-4980-AD3B-63044CE93923}.Debug|Any CPU.Build.0 = Debug|Any CPU
		{22EF16CC-BD52-4980-AD3B-63044CE93923}.Release|Any CPU.ActiveCfg = Release|Any CPU
		{22EF16CC-BD52-4980-AD3B-63044CE93923}.Release|Any CPU.Build.0 = Release|Any CPU
		{22EF16CC-BD52-4980-AD3B-63044CE93923}.Tools|Any CPU.ActiveCfg = Tools|Any CPU
		{22EF16CC-BD52-4980-AD3B-63044CE93923}.Tools|Any CPU.Build.0 = Tools|Any CPU
		{21BBE7ED-6AC3-48F5-A196-B8E0E0E216AD}.Debug|Any CPU.ActiveCfg = Debug|Any CPU
		{21BBE7ED-6AC3-48F5-A196-B8E0E0E216AD}.Debug|Any CPU.Build.0 = Debug|Any CPU
		{21BBE7ED-6AC3-48F5-A196-B8E0E0E216AD}.Release|Any CPU.ActiveCfg = Release|Any CPU
		{21BBE7ED-6AC3-48F5-A196-B8E0E0E216AD}.Release|Any CPU.Build.0 = Release|Any CPU
		{21BBE7ED-6AC3-48F5-A196-B8E0E0E216AD}.Tools|Any CPU.ActiveCfg = Debug|Any CPU
		{21BBE7ED-6AC3-48F5-A196-B8E0E0E216AD}.Tools|Any CPU.Build.0 = Debug|Any CPU
	EndGlobalSection
EndGlobal
